{
  "repo": "SingleStepTests/z80",
  "url": "https://github.com/SingleStepTests/z80",
  "sha": "ebe1875d48f374bcfd4b505d8eb8ee751568b5f7",
  "pinned_date": "2026-04-10T23:17:11Z",
  "license": "MIT",
  "file_count": 1604,
  "total_bytes": 1374635394,
  "cases_per_file": 1000,
  "v1_tree": "3f11469afdeb45cdfd604b6e9f8c6f84d2b794bd"
}
